PODS:
  - CocoaAsyncSocket (7.6.5)
  - CocoaMQTT/Core (2.0.3-beta3):
    - CocoaAsyncSocket (~> 7.6.5)
  - CocoaMQTT/WebSockets (2.0.3-beta3):
    - CocoaMQTT/Core
    - Starscream (~> 3.1.1)
  - Starscream (3.1.1)

DEPENDENCIES:
  - CocoaMQTT/WebSockets (= 2.0.3-beta3)

SPEC REPOS:
  trunk:
    - CocoaAsyncSocket
    - CocoaMQTT
    - Starscream

SPEC CHECKSUMS:
  CocoaAsyncSocket: 065fd1e645c7abab64f7a6a2007a48038fdc6a99
  CocoaMQTT: e9cecd5fb62a87bce99620aa5ef977762afa016a
  Starscream: 4bb2f9942274833f7b4d296a55504dcfc7edb7b0

PODFILE CHECKSUM: 7066ac2604adf5f7db4ecb68bd2e4a9073e3aa71

COCOAPODS: 1.11.2
